
Microsoft Visual Studio Solution File, Format Version 12.00
# Visual Studio Version 17
VisualStudioVersion = 17.4.33205.214
MinimumVisualStudioVersion = 10.0.40219.1
Project("{9A19103F-16F7-4668-BE54-9A1E7A4F7556}") = "WebBanSach", "WebBanSach\WebBanSach.csproj", "{D698B3A0-810B-45DE-B4EE-71B1EFF9980F}"
EndProject
Project("{FAE04EC0-301F-11D3-BF4B-00C04F79EFBC}") = "Bulky.DataAccess", "Bulky.DataAccess\Bulky.DataAccess.csproj", "{1402F603-2DD7-4679-BAA6-026DD755A3D2}"
EndProject
Project("{FAE04EC0-301F-11D3-BF4B-00C04F79EFBC}") = "Bukly.Models", "Bukly.Models\Bukly.Models.csproj", "{4166B9A6-EF4D-4461-9C3F-DED42FB4BCD1}"
EndProject
Project("{FAE04EC0-301F-11D3-BF4B-00C04F79EFBC}") = "Bukly.Utility", "Bukly.Utility\Bukly.Utility.csproj", "{E50F99B4-2031-4EB7-990D-E81A26C92E68}"
EndProject
Global
	GlobalSection(SolutionConfigurationPlatforms) = preSolution
		Debug|Any CPU = Debug|Any CPU
		Release|Any CPU = Release|Any CPU
	EndGlobalSection
	GlobalSection(ProjectConfigurationPlatforms) = postSolution
		{D698B3A0-810B-45DE-B4EE-71B1EFF9980F}.Debug|Any CPU.ActiveCfg = Debug|Any CPU
		{D698B3A0-810B-45DE-B4EE-71B1EFF9980F}.Debug|Any CPU.Build.0 = Debug|Any CPU
		{D698B3A0-810B-45DE-B4EE-71B1EFF9980F}.Release|Any CPU.ActiveCfg = Release|Any CPU
		{D698B3A0-810B-45DE-B4EE-71B1EFF9980F}.Release|Any CPU.Build.0 = Release|Any CPU
		{1402F603-2DD7-4679-BAA6-026DD755A3D2}.Debug|Any CPU.ActiveCfg = Debug|Any CPU
		{1402F603-2DD7-4679-BAA6-026DD755A3D2}.Debug|Any CPU.Build.0 = Debug|Any CPU
		{1402F603-2DD7-4679-BAA6-026DD755A3D2}.Release|Any CPU.ActiveCfg = Release|Any CPU
		{1402F603-2DD7-4679-BAA6-026DD755A3D2}.Release|Any CPU.Build.0 = Release|Any CPU
		{4166B9A6-EF4D-4461-9C3F-DED42FB4BCD1}.Debug|Any CPU.ActiveCfg = Debug|Any CPU
		{4166B9A6-EF4D-4461-9C3F-DED42FB4BCD1}.Debug|Any CPU.Build.0 = Debug|Any CPU
		{4166B9A6-EF4D-4461-9C3F-DED42FB4BCD1}.Release|Any CPU.ActiveCfg = Release|Any CPU
		{4166B9A6-EF4D-4461-9C3F-DED42FB4BCD1}.Release|Any CPU.Build.0 = Release|Any CPU
		{E50F99B4-2031-4EB7-990D-E81A26C92E68}.Debug|Any CPU.ActiveCfg = Debug|Any CPU
		{E50F99B4-2031-4EB7-990D-E81A26C92E68}.Debug|Any CPU.Build.0 = Debug|Any CPU
		{E50F99B4-2031-4EB7-990D-E81A26C92E68}.Release|Any CPU.ActiveCfg = Release|Any CPU
		{E50F99B4-2031-4EB7-990D-E81A26C92E68}.Release|Any CPU.Build.0 = Release|Any CPU
	EndGlobalSection
	GlobalSection(SolutionProperties) = preSolution
		HideSolutionNode = FALSE
	EndGlobalSection
	GlobalSection(ExtensibilityGlobals) = postSolution
		SolutionGuid = {1F08AB58-C06C-4B0C-A4DC-6D0A5EA5D988}
	EndGlobalSection
EndGlobal
